
Microsoft Visual Studio Solution File, Format Version 12.00
# Visual Studio Version 17
VisualStudioVersion = 17.11.35327.3
MinimumVisualStudioVersion = 10.0.40219.1
Project("{FAE04EC0-301F-11D3-BF4B-00C04F79EFBC}") = "disconextedArvhitectureExample", "disconextedArvhitectureExample\disconextedArvhitectureExample.csproj", "{D98F6A2F-DD58-402B-90D4-46F15F9E90A3}"
EndProject
Global
	GlobalSection(SolutionConfigurationPlatforms) = preSolution
		Debug|Any CPU = Debug|Any CPU
		Release|Any CPU = Release|Any CPU
	EndGlobalSection
	GlobalSection(ProjectConfigurationPlatforms) = postSolution
		{D98F6A2F-DD58-402B-90D4-46F15F9E90A3}.Debug|Any CPU.ActiveCfg = Debug|Any CPU
		{D98F6A2F-DD58-402B-90D4-46F15F9E90A3}.Debug|Any CPU.Build.0 = Debug|Any CPU
		{D98F6A2F-DD58-402B-90D4-46F15F9E90A3}.Release|Any CPU.ActiveCfg = Release|Any CPU
		{D98F6A2F-DD58-402B-90D4-46F15F9E90A3}.Release|Any CPU.Build.0 = Release|Any CPU
	EndGlobalSection
	GlobalSection(SolutionProperties) = preSolution
		HideSolutionNode = FALSE
	EndGlobalSection
	GlobalSection(ExtensibilityGlobals) = postSolution
		SolutionGuid = {6E11227B-29FF-43E2-B777-EFC7D8625F8E}
	EndGlobalSection
EndGlobal
